
Microsoft Visual Studio Solution File, Format Version 12.00
# Visual Studio Version 17
VisualStudioVersion = 17.2.32602.215
MinimumVisualStudioVersion = 10.0.40219.1
Project("{FAE04EC0-301F-11D3-BF4B-00C04F79EFBC}") = "Dmart", "Dmart\Dmart.csproj", "{1891CE43-9A8A-4B14-A0B1-DA46409F8DD0}"
EndProject
Global
	GlobalSection(SolutionConfigurationPlatforms) = preSolution
		Debug|Any CPU = Debug|Any CPU
		Release|Any CPU = Release|Any CPU
	EndGlobalSection
	GlobalSection(ProjectConfigurationPlatforms) = postSolution
		{1891CE43-9A8A-4B14-A0B1-DA46409F8DD0}.Debug|Any CPU.ActiveCfg = Debug|Any CPU
		{1891CE43-9A8A-4B14-A0B1-DA46409F8DD0}.Debug|Any CPU.Build.0 = Debug|Any CPU
		{1891CE43-9A8A-4B14-A0B1-DA46409F8DD0}.Release|Any CPU.ActiveCfg = Release|Any CPU
		{1891CE43-9A8A-4B14-A0B1-DA46409F8DD0}.Release|Any CPU.Build.0 = Release|Any CPU
	EndGlobalSection
	GlobalSection(SolutionProperties) = preSolution
		HideSolutionNode = FALSE
	EndGlobalSection
	GlobalSection(ExtensibilityGlobals) = postSolution
		SolutionGuid = {57F28B99-682F-4696-8DD9-9F458F4EB16A}
	EndGlobalSection
EndGlobal
